
Microsoft Visual Studio Solution File, Format Version 12.00
# Visual Studio Version 17
VisualStudioVersion = 17.1.32210.238
MinimumVisualStudioVersion = 10.0.40219.1
Project("{9A19103F-16F7-4668-BE54-9A1E7A4F7556}") = "InventoryAPI", "InventoryAPI\InventoryAPI.csproj", "{E7415F90-57B0-4599-A613-47A484A224C2}"
EndProject
Project("{9A19103F-16F7-4668-BE54-9A1E7A4F7556}") = "InventoryApp", "InventoryApp\InventoryApp.csproj", "{242C2DDA-0851-4AE3-9C27-AD2A6FABD551}"
	ProjectSection(ProjectDependencies) = postProject
		{E7415F90-57B0-4599-A613-47A484A224C2} = {E7415F90-57B0-4599-A613-47A484A224C2}
	EndProjectSection
EndProject
Global
	GlobalSection(SolutionConfigurationPlatforms) = preSolution
		Debug|Any CPU = Debug|Any CPU
		Release|Any CPU = Release|Any CPU
	EndGlobalSection
	GlobalSection(ProjectConfigurationPlatforms) = postSolution
		{E7415F90-57B0-4599-A613-47A484A224C2}.Debug|Any CPU.ActiveCfg = Debug|Any CPU
		{E7415F90-57B0-4599-A613-47A484A224C2}.Debug|Any CPU.Build.0 = Debug|Any CPU
		{E7415F90-57B0-4599-A613-47A484A224C2}.Release|Any CPU.ActiveCfg = Release|Any CPU
		{E7415F90-57B0-4599-A613-47A484A224C2}.Release|Any CPU.Build.0 = Release|Any CPU
		{242C2DDA-0851-4AE3-9C27-AD2A6FABD551}.Debug|Any CPU.ActiveCfg = Debug|Any CPU
		{242C2DDA-0851-4AE3-9C27-AD2A6FABD551}.Debug|Any CPU.Build.0 = Debug|Any CPU
		{242C2DDA-0851-4AE3-9C27-AD2A6FABD551}.Release|Any CPU.ActiveCfg = Release|Any CPU
		{242C2DDA-0851-4AE3-9C27-AD2A6FABD551}.Release|Any CPU.Build.0 = Release|Any CPU
	EndGlobalSection
	GlobalSection(SolutionProperties) = preSolution
		HideSolutionNode = FALSE
	EndGlobalSection
	GlobalSection(ExtensibilityGlobals) = postSolution
		SolutionGuid = {97A1FB4E-7ED7-48B7-AA5B-A6EDF648818A}
	EndGlobalSection
EndGlobal
